github.com/gorilla/websocket v1.5.1 h1:gmztn0JnHVt9JZquRuzLw3g4wouNVzKL15iLr/zn/QY=
github.com/gorilla/websocket v1.5.1/go.mod h1:x3kM2JMyaluk02fnUJpQuwD2dCS5NDG2ZHL0uE0tcaY=
github.com/sinshu/go-meltysynth v0.0.0-20230205031334-05d311382fc4 h1:VgeknFh4pciKVtwtjn9tZtItvV20x/+10NnUXKfyW6s=
github.com/sinshu/go-meltysynth v0.0.0-20230205031334-05d311382fc4/go.mod h1:Afi/YpLztHvWSbiLFi6RgtxLLwmIiRmd/q7f3Ymed2g=
gitlab.com/gomidi/midi v1.23.7 h1:I6qKoIk9s9dcX+pNf0jC+tziCzJFn82bMpuntRkLeik=
gitlab.com/gomidi/midi v1.23.7/go.mod h1:3ohtNOhqoSakkuLG/Li1OI6I3J1c2LErnJF5o/VBq1c=
gitlab.com/gomidi/midi/v2 v2.1.5 h1:UXz2pnC1uJiBtatrDOQf9ayPOdEG6SyiWkIxoRhEopg=
gitlab.com/gomidi/midi/v2 v2.1.5/go.mod h1:Cj6K9VH5GhYvPgL2JddxHBmZiP3nxKxB5XyTxiXvL9U=
golang.org/x/net v0.17.0 h1:pVaXccu2ozPjCXewfr1S7xza/zcXTity9cCdXQYSjIM=
golang.org/x/net v0.17.0/go.mod h1:NxSsAGuq816PNPmqtQdLE42eU2Fs7NoRIZrHJAlaCOE=
